{
  "name": "quadqr-js",
  "version": "1.4.1",
  "lockfileVersion": 3,
  "requires": true,
  "packages": {
    "": {
      "name": "quadqr-js",
      "version": "1.4.1",
      "license": "AGPL-3.0-only",
      "bin": {
        "quadqr": "bin/quadqr.js"
      },
      "engines": {
        "node": ">=20.19"
      }
    }
  }
}
